
Microsoft Visual Studio Solution File, Format Version 12.00
# Visual Studio Version 17
VisualStudioVersion = 17.3.32929.385
MinimumVisualStudioVersion = 10.0.40219.1
Project("{FAE04EC0-301F-11D3-BF4B-00C04F79EFBC}") = "RabbitMQ", "RabbitMQ\RabbitMQ.csproj", "{2FDD7BDA-1B90-474D-B2DD-7903FCB239CD}"
EndProject
Global
	GlobalSection(SolutionConfigurationPlatforms) = preSolution
		Debug|Any CPU = Debug|Any CPU
		Release|Any CPU = Release|Any CPU
	EndGlobalSection
	GlobalSection(ProjectConfigurationPlatforms) = postSolution
		{2FDD7BDA-1B90-474D-B2DD-7903FCB239CD}.Debug|Any CPU.ActiveCfg = Debug|Any CPU
		{2FDD7BDA-1B90-474D-B2DD-7903FCB239CD}.Debug|Any CPU.Build.0 = Debug|Any CPU
		{2FDD7BDA-1B90-474D-B2DD-7903FCB239CD}.Release|Any CPU.ActiveCfg = Release|Any CPU
		{2FDD7BDA-1B90-474D-B2DD-7903FCB239CD}.Release|Any CPU.Build.0 = Release|Any CPU
	EndGlobalSection
	GlobalSection(SolutionProperties) = preSolution
		HideSolutionNode = FALSE
	EndGlobalSection
	GlobalSection(ExtensibilityGlobals) = postSolution
		SolutionGuid = {B3B693AA-DDA2-4610-9599-676ADBE3F3F5}
	EndGlobalSection
EndGlobal
